# This file is generated by running "yarn install" inside your project.
# Manual changes might be lost - proceed with caution!

__metadata:
  version: 6
  cacheKey: 8

"@nathanvda/cocoon@npm:^1.2.14":
  version: 1.2.14
  resolution: "@nathanvda/cocoon@npm:1.2.14"
  dependencies:
    jquery: ^3.3.1
  checksum: 1d42954b2db7ed2a07610f692b32f2b9098f7abf38961e76a0e6cb301c059e0f8231acd498d6164427222deb90db19530af92eb5ef8bdbd6e3b5b64b3d4a012a
  languageName: node
  linkType: hard

"cocoon-js@npm:^0.0.5":
  version: 0.0.5
  resolution: "cocoon-js@npm:0.0.5"
  dependencies:
    jquery: ^3.2.1
  checksum: 97a96e1429fb56e3b22b3f1eee38dbe610d0d3954d1d3ce4fe7f1b76a0365081876a5f4d333050980d340df554cdda54e65bebc0fa9efba9e3560d847d720bcd
  languageName: node
  linkType: hard

"genapp@workspace:.":
  version: 0.0.0-use.local
  resolution: "genapp@workspace:."
  dependencies:
    "@nathanvda/cocoon": ^1.2.14
    cocoon-js: ^0.0.5
  languageName: unknown
  linkType: soft

"jquery@npm:^3.2.1, jquery@npm:^3.3.1":
  version: 3.6.3
  resolution: "jquery@npm:3.6.3"
  checksum: 0fd366bdcaa0c84a7a8751ce20f8192290141913978b5059574426d9b01f4365daa675f95aab3eec94fd794d27b08d32078a2236bef404b8ba78073009988ce6
  languageName: node
  linkType: hard
